
Microsoft Visual Studio Solution File, Format Version 12.00
# Visual Studio Version 16
VisualStudioVersion = 16.0.30611.23
MinimumVisualStudioVersion = 10.0.40219.1
Project("{9A19103F-16F7-4668-BE54-9A1E7A4F7556}") = "MobyShop.WebAPI", "MobyShop.WebAPI\MobyShop.WebAPI.csproj", "{E0DD2C19-BC8E-4613-A78A-963785770B23}"
EndProject
Project("{9A19103F-16F7-4668-BE54-9A1E7A4F7556}") = "MobyShop.Model", "MobyShop.Model\MobyShop.Model.csproj", "{F229F23E-FFB1-4F03-9C8C-DEE0BEFB107D}"
EndProject
Project("{2150E333-8FDC-42A3-9474-1A3956D46DE8}") = "UI", "UI", "{3E1F29F3-6AC9-4204-8E84-FAC181B086A7}"
EndProject
Project("{FAE04EC0-301F-11D3-BF4B-00C04F79EFBC}") = "MobyShop.WinUI", "MobyShop.WinUI\MobyShop.WinUI.csproj", "{80FAE69F-5A1B-4B11-B60E-6AFA259B1661}"
EndProject
Project("{FAE04EC0-301F-11D3-BF4B-00C04F79EFBC}") = "MobyShop.MobileA.UWP", "MobyShop.MobileA\MobyShop.MobileA.UWP\MobyShop.MobileA.UWP.csproj", "{6E481FD8-712C-41A2-9A45-D8D547F88BFC}"
EndProject
Project("{FAE04EC0-301F-11D3-BF4B-00C04F79EFBC}") = "MobyShop.MobileA.Android", "MobyShop.MobileA\MobyShop.MobileA.Android\MobyShop.MobileA.Android.csproj", "{4730F506-5611-4E0D-A9A5-FE50DAE759CD}"
EndProject
Project("{FAE04EC0-301F-11D3-BF4B-00C04F79EFBC}") = "MobyShop.MobileA.iOS", "MobyShop.MobileA\MobyShop.MobileA.iOS\MobyShop.MobileA.iOS.csproj", "{0A801E8B-D1C2-4543-8526-785D59F50387}"
EndProject
Global
	GlobalSection(SolutionConfigurationPlatforms) = preSolution
		Debug|Any CPU = Debug|Any CPU
		Debug|ARM = Debug|ARM
		Debug|iPhone = Debug|iPhone
		Debug|iPhoneSimulator = Debug|iPhoneSimulator
		Debug|x64 = Debug|x64
		Debug|x86 = Debug|x86
		Release|Any CPU = Release|Any CPU
		Release|ARM = Release|ARM
		Release|iPhone = Release|iPhone
		Release|iPhoneSimulator = Release|iPhoneSimulator
		Release|x64 = Release|x64
		Release|x86 = Release|x86
	EndGlobalSection
	GlobalSection(ProjectConfigurationPlatforms) = postSolution
		{E0DD2C19-BC8E-4613-A78A-963785770B23}.Debug|Any CPU.ActiveCfg = Debug|Any CPU
		{E0DD2C19-BC8E-4613-A78A-963785770B23}.Debug|Any CPU.Build.0 = Debug|Any CPU
		{E0DD2C19-BC8E-4613-A78A-963785770B23}.Debug|ARM.ActiveCfg = Debug|Any CPU
		{E0DD2C19-BC8E-4613-A78A-963785770B23}.Debug|ARM.Build.0 = Debug|Any CPU
		{E0DD2C19-BC8E-4613-A78A-963785770B23}.Debug|iPhone.ActiveCfg = Debug|Any CPU
		{E0DD2C19-BC8E-4613-A78A-963785770B23}.Debug|iPhone.Build.0 = Debug|Any CPU
		{E0DD2C19-BC8E-4613-A78A-963785770B23}.Debug|iPhoneSimulator.ActiveCfg = Debug|Any CPU
		{E0DD2C19-BC8E-4613-A78A-963785770B23}.Debug|iPhoneSimulator.Build.0 = Debug|Any CPU
		{E0DD2C19-BC8E-4613-A78A-963785770B23}.Debug|x64.ActiveCfg = Debug|Any CPU
		{E0DD2C19-BC8E-4613-A78A-963785770B23}.Debug|x64.Build.0 = Debug|Any CPU
		{E0DD2C19-BC8E-4613-A78A-963785770B23}.Debug|x86.ActiveCfg = Debug|Any CPU
		{E0DD2C19-BC8E-4613-A78A-963785770B23}.Debug|x86.Build.0 = Debug|Any CPU
		{E0DD2C19-BC8E-4613-A78A-963785770B23}.Release|Any CPU.ActiveCfg = Release|Any CPU
		{E0DD2C19-BC8E-4613-A78A-963785770B23}.Release|Any CPU.Build.0 = Release|Any CPU
		{E0DD2C19-BC8E-4613-A78A-963785770B23}.Release|ARM.ActiveCfg = Release|Any CPU
		{E0DD2C19-BC8E-4613-A78A-963785770B23}.Release|ARM.Build.0 = Release|Any CPU
		{E0DD2C19-BC8E-4613-A78A-963785770B23}.Release|iPhone.ActiveCfg = Release|Any CPU
		{E0DD2C19-BC8E-4613-A78A-963785770B23}.Release|iPhone.Build.0 = Release|Any CPU
		{E0DD2C19-BC8E-4613-A78A-963785770B23}.Release|iPhoneSimulator.ActiveCfg = Release|Any CPU
		{E0DD2C19-BC8E-4613-A78A-963785770B23}.Release|iPhoneSimulator.Build.0 = Release|Any CPU
		{E0DD2C19-BC8E-4613-A78A-963785770B23}.Release|x64.ActiveCfg = Release|Any CPU
		{E0DD2C19-BC8E-4613-A78A-963785770B23}.Release|x64.Build.0 = Release|Any CPU
		{E0DD2C19-BC8E-4613-A78A-963785770B23}.Release|x86.ActiveCfg = Release|Any CPU
		{E0DD2C19-BC8E-4613-A78A-963785770B23}.Release|x86.Build.0 = Release|Any CPU
		{F229F23E-FFB1-4F03-9C8C-DEE0BEFB107D}.Debug|Any CPU.ActiveCfg = Debug|Any CPU
		{F229F23E-FFB1-4F03-9C8C-DEE0BEFB107D}.Debug|Any CPU.Build.0 = Debug|Any CPU
		{F229F23E-FFB1-4F03-9C8C-DEE0BEFB107D}.Debug|ARM.ActiveCfg = Debug|Any CPU
		{F229F23E-FFB1-4F03-9C8C-DEE0BEFB107D}.Debug|ARM.Build.0 = Debug|Any CPU
		{F229F23E-FFB1-4F03-9C8C-DEE0BEFB107D}.Debug|iPhone.ActiveCfg = Debug|Any CPU
		{F229F23E-FFB1-4F03-9C8C-DEE0BEFB107D}.Debug|iPhone.Build.0 = Debug|Any CPU
		{F229F23E-FFB1-4F03-9C8C-DEE0BEFB107D}.Debug|iPhoneSimulator.ActiveCfg = Debug|Any CPU
		{F229F23E-FFB1-4F03-9C8C-DEE0BEFB107D}.Debug|iPhoneSimulator.Build.0 = Debug|Any CPU
		{F229F23E-FFB1-4F03-9C8C-DEE0BEFB107D}.Debug|x64.ActiveCfg = Debug|Any CPU
		{F229F23E-FFB1-4F03-9C8C-DEE0BEFB107D}.Debug|x64.Build.0 = Debug|Any CPU
		{F229F23E-FFB1-4F03-9C8C-DEE0BEFB107D}.Debug|x86.ActiveCfg = Debug|Any CPU
		{F229F23E-FFB1-4F03-9C8C-DEE0BEFB107D}.Debug|x86.Build.0 = Debug|Any CPU
		{F229F23E-FFB1-4F03-9C8C-DEE0BEFB107D}.Release|Any CPU.ActiveCfg = Release|Any CPU
		{F229F23E-FFB1-4F03-9C8C-DEE0BEFB107D}.Release|Any CPU.Build.0 = Release|Any CPU
		{F229F23E-FFB1-4F03-9C8C-DEE0BEFB107D}.Release|ARM.ActiveCfg = Release|Any CPU
		{F229F23E-FFB1-4F03-9C8C-DEE0BEFB107D}.Release|ARM.Build.0 = Release|Any CPU
		{F229F23E-FFB1-4F03-9C8C-DEE0BEFB107D}.Release|iPhone.ActiveCfg = Release|Any CPU
		{F229F23E-FFB1-4F03-9C8C-DEE0BEFB107D}.Release|iPhone.Build.0 = Release|Any CPU
		{F229F23E-FFB1-4F03-9C8C-DEE0BEFB107D}.Release|iPhoneSimulator.ActiveCfg = Release|Any CPU
		{F229F23E-FFB1-4F03-9C8C-DEE0BEFB107D}.Release|iPhoneSimulator.Build.0 = Release|Any CPU
		{F229F23E-FFB1-4F03-9C8C-DEE0BEFB107D}.Release|x64.ActiveCfg = Release|Any CPU
		{F229F23E-FFB1-4F03-9C8C-DEE0BEFB107D}.Release|x64.Build.0 = Release|Any CPU
		{F229F23E-FFB1-4F03-9C8C-DEE0BEFB107D}.Release|x86.ActiveCfg = Release|Any CPU
		{F229F23E-FFB1-4F03-9C8C-DEE0BEFB107D}.Release|x86.Build.0 = Release|Any CPU
		{80FAE69F-5A1B-4B11-B60E-6AFA259B1661}.Debug|Any CPU.ActiveCfg = Debug|Any CPU
		{80FAE69F-5A1B-4B11-B60E-6AFA259B1661}.Debug|Any CPU.Build.0 = Debug|Any CPU
		{80FAE69F-5A1B-4B11-B60E-6AFA259B1661}.Debug|ARM.ActiveCfg = Debug|Any CPU
		{80FAE69F-5A1B-4B11-B60E-6AFA259B1661}.Debug|ARM.Build.0 = Debug|Any CPU
		{80FAE69F-5A1B-4B11-B60E-6AFA259B1661}.Debug|iPhone.ActiveCfg = Debug|Any CPU
		{80FAE69F-5A1B-4B11-B60E-6AFA259B1661}.Debug|iPhone.Build.0 = Debug|Any CPU
		{80FAE69F-5A1B-4B11-B60E-6AFA259B1661}.Debug|iPhoneSimulator.ActiveCfg = Debug|Any CPU
		{80FAE69F-5A1B-4B11-B60E-6AFA259B1661}.Debug|iPhoneSimulator.Build.0 = Debug|Any CPU
		{80FAE69F-5A1B-4B11-B60E-6AFA259B1661}.Debug|x64.ActiveCfg = Debug|Any CPU
		{80FAE69F-5A1B-4B11-B60E-6AFA259B1661}.Debug|x64.Build.0 = Debug|Any CPU
		{80FAE69F-5A1B-4B11-B60E-6AFA259B1661}.Debug|x86.ActiveCfg = Debug|Any CPU
		{80FAE69F-5A1B-4B11-B60E-6AFA259B1661}.Debug|x86.Build.0 = Debug|Any CPU
		{80FAE69F-5A1B-4B11-B60E-6AFA259B1661}.Release|Any CPU.ActiveCfg = Release|Any CPU
		{80FAE69F-5A1B-4B11-B60E-6AFA259B1661}.Release|Any CPU.Build.0 = Release|Any CPU
		{80FAE69F-5A1B-4B11-B60E-6AFA259B1661}.Release|ARM.ActiveCfg = Release|Any CPU
		{80FAE69F-5A1B-4B11-B60E-6AFA259B1661}.Release|ARM.Build.0 = Release|Any CPU
		{80FAE69F-5A1B-4B11-B60E-6AFA259B1661}.Release|iPhone.ActiveCfg = Release|Any CPU
		{80FAE69F-5A1B-4B11-B60E-6AFA259B1661}.Release|iPhone.Build.0 = Release|Any CPU
		{80FAE69F-5A1B-4B11-B60E-6AFA259B1661}.Release|iPhoneSimulator.ActiveCfg = Release|Any CPU
		{80FAE69F-5A1B-4B11-B60E-6AFA259B1661}.Release|iPhoneSimulator.Build.0 = Release|Any CPU
		{80FAE69F-5A1B-4B11-B60E-6AFA259B1661}.Release|x64.ActiveCfg = Release|Any CPU
		{80FAE69F-5A1B-4B11-B60E-6AFA259B1661}.Release|x64.Build.0 = Release|Any CPU
		{80FAE69F-5A1B-4B11-B60E-6AFA259B1661}.Release|x86.ActiveCfg = Release|Any CPU
		{80FAE69F-5A1B-4B11-B60E-6AFA259B1661}.Release|x86.Build.0 = Release|Any CPU
		{6E481FD8-712C-41A2-9A45-D8D547F88BFC}.Debug|Any CPU.ActiveCfg = Debug|x86
		{6E481FD8-712C-41A2-9A45-D8D547F88BFC}.Debug|Any CPU.Build.0 = Debug|x86
		{6E481FD8-712C-41A2-9A45-D8D547F88BFC}.Debug|Any CPU.Deploy.0 = Debug|x86
		{6E481FD8-712C-41A2-9A45-D8D547F88BFC}.Debug|ARM.ActiveCfg = Debug|ARM
		{6E481FD8-712C-41A2-9A45-D8D547F88BFC}.Debug|ARM.Build.0 = Debug|ARM
		{6E481FD8-712C-41A2-9A45-D8D547F88BFC}.Debug|ARM.Deploy.0 = Debug|ARM
		{6E481FD8-712C-41A2-9A45-D8D547F88BFC}.Debug|iPhone.ActiveCfg = Debug|x86
		{6E481FD8-712C-41A2-9A45-D8D547F88BFC}.Debug|iPhoneSimulator.ActiveCfg = Debug|x86
		{6E481FD8-712C-41A2-9A45-D8D547F88BFC}.Debug|x64.ActiveCfg = Debug|x64
		{6E481FD8-712C-41A2-9A45-D8D547F88BFC}.Debug|x64.Build.0 = Debug|x64
		{6E481FD8-712C-41A2-9A45-D8D547F88BFC}.Debug|x64.Deploy.0 = Debug|x64
		{6E481FD8-712C-41A2-9A45-D8D547F88BFC}.Debug|x86.ActiveCfg = Debug|x86
		{6E481FD8-712C-41A2-9A45-D8D547F88BFC}.Debug|x86.Build.0 = Debug|x86
		{6E481FD8-712C-41A2-9A45-D8D547F88BFC}.Debug|x86.Deploy.0 = Debug|x86
		{6E481FD8-712C-41A2-9A45-D8D547F88BFC}.Release|Any CPU.ActiveCfg = Release|x86
		{6E481FD8-712C-41A2-9A45-D8D547F88BFC}.Release|ARM.ActiveCfg = Release|ARM
		{6E481FD8-712C-41A2-9A45-D8D547F88BFC}.Release|ARM.Build.0 = Release|ARM
		{6E481FD8-712C-41A2-9A45-D8D547F88BFC}.Release|ARM.Deploy.0 = Release|ARM
		{6E481FD8-712C-41A2-9A45-D8D547F88BFC}.Release|iPhone.ActiveCfg = Release|x86
		{6E481FD8-712C-41A2-9A45-D8D547F88BFC}.Release|iPhoneSimulator.ActiveCfg = Release|x86
		{6E481FD8-712C-41A2-9A45-D8D547F88BFC}.Release|x64.ActiveCfg = Release|x64
		{6E481FD8-712C-41A2-9A45-D8D547F88BFC}.Release|x64.Build.0 = Release|x64
		{6E481FD8-712C-41A2-9A45-D8D547F88BFC}.Release|x64.Deploy.0 = Release|x64
		{6E481FD8-712C-41A2-9A45-D8D547F88BFC}.Release|x86.ActiveCfg = Release|x86
		{6E481FD8-712C-41A2-9A45-D8D547F88BFC}.Release|x86.Build.0 = Release|x86
		{6E481FD8-712C-41A2-9A45-D8D547F88BFC}.Release|x86.Deploy.0 = Release|x86
		{4730F506-5611-4E0D-A9A5-FE50DAE759CD}.Debug|Any CPU.ActiveCfg = Debug|Any CPU
		{4730F506-5611-4E0D-A9A5-FE50DAE759CD}.Debug|Any CPU.Build.0 = Debug|Any CPU
		{4730F506-5611-4E0D-A9A5-FE50DAE759CD}.Debug|Any CPU.Deploy.0 = Debug|Any CPU
		{4730F506-5611-4E0D-A9A5-FE50DAE759CD}.Debug|ARM.ActiveCfg = Debug|Any CPU
		{4730F506-5611-4E0D-A9A5-FE50DAE759CD}.Debug|ARM.Build.0 = Debug|Any CPU
		{4730F506-5611-4E0D-A9A5-FE50DAE759CD}.Debug|ARM.Deploy.0 = Debug|Any CPU
		{4730F506-5611-4E0D-A9A5-FE50DAE759CD}.Debug|iPhone.ActiveCfg = Debug|Any CPU
		{4730F506-5611-4E0D-A9A5-FE50DAE759CD}.Debug|iPhone.Build.0 = Debug|Any CPU
		{4730F506-5611-4E0D-A9A5-FE50DAE759CD}.Debug|iPhone.Deploy.0 = Debug|Any CPU
		{4730F506-5611-4E0D-A9A5-FE50DAE759CD}.Debug|iPhoneSimulator.ActiveCfg = Debug|Any CPU
		{4730F506-5611-4E0D-A9A5-FE50DAE759CD}.Debug|iPhoneSimulator.Build.0 = Debug|Any CPU
		{4730F506-5611-4E0D-A9A5-FE50DAE759CD}.Debug|iPhoneSimulator.Deploy.0 = Debug|Any CPU
		{4730F506-5611-4E0D-A9A5-FE50DAE759CD}.Debug|x64.ActiveCfg = Debug|Any CPU
		{4730F506-5611-4E0D-A9A5-FE50DAE759CD}.Debug|x64.Build.0 = Debug|Any CPU
		{4730F506-5611-4E0D-A9A5-FE50DAE759CD}.Debug|x64.Deploy.0 = Debug|Any CPU
		{4730F506-5611-4E0D-A9A5-FE50DAE759CD}.Debug|x86.ActiveCfg = Debug|Any CPU
		{4730F506-5611-4E0D-A9A5-FE50DAE759CD}.Debug|x86.Build.0 = Debug|Any CPU
		{4730F506-5611-4E0D-A9A5-FE50DAE759CD}.Debug|x86.Deploy.0 = Debug|Any CPU
		{4730F506-5611-4E0D-A9A5-FE50DAE759CD}.Release|Any CPU.ActiveCfg = Release|Any CPU
		{4730F506-5611-4E0D-A9A5-FE50DAE759CD}.Release|Any CPU.Build.0 = Release|Any CPU
		{4730F506-5611-4E0D-A9A5-FE50DAE759CD}.Release|Any CPU.Deploy.0 = Release|Any CPU
		{4730F506-5611-4E0D-A9A5-FE50DAE759CD}.Release|ARM.ActiveCfg = Release|Any CPU
		{4730F506-5611-4E0D-A9A5-FE50DAE759CD}.Release|ARM.Build.0 = Release|Any CPU
		{4730F506-5611-4E0D-A9A5-FE50DAE759CD}.Release|ARM.Deploy.0 = Release|Any CPU
		{4730F506-5611-4E0D-A9A5-FE50DAE759CD}.Release|iPhone.ActiveCfg = Release|Any CPU
		{4730F506-5611-4E0D-A9A5-FE50DAE759CD}.Release|iPhone.Build.0 = Release|Any CPU
		{4730F506-5611-4E0D-A9A5-FE50DAE759CD}.Release|iPhone.Deploy.0 = Release|Any CPU
		{4730F506-5611-4E0D-A9A5-FE50DAE759CD}.Release|iPhoneSimulator.ActiveCfg = Release|Any CPU
		{4730F506-5611-4E0D-A9A5-FE50DAE759CD}.Release|iPhoneSimulator.Build.0 = Release|Any CPU
		{4730F506-5611-4E0D-A9A5-FE50DAE759CD}.Release|iPhoneSimulator.Deploy.0 = Release|Any CPU
		{4730F506-5611-4E0D-A9A5-FE50DAE759CD}.Release|x64.ActiveCfg = Release|Any CPU
		{4730F506-5611-4E0D-A9A5-FE50DAE759CD}.Release|x64.Build.0 = Release|Any CPU
		{4730F506-5611-4E0D-A9A5-FE50DAE759CD}.Release|x64.Deploy.0 = Release|Any CPU
		{4730F506-5611-4E0D-A9A5-FE50DAE759CD}.Release|x86.ActiveCfg = Release|Any CPU
		{4730F506-5611-4E0D-A9A5-FE50DAE759CD}.Release|x86.Build.0 = Release|Any CPU
		{4730F506-5611-4E0D-A9A5-FE50DAE759CD}.Release|x86.Deploy.0 = Release|Any CPU
		{0A801E8B-D1C2-4543-8526-785D59F50387}.Debug|Any CPU.ActiveCfg = Debug|iPhoneSimulator
		{0A801E8B-D1C2-4543-8526-785D59F50387}.Debug|ARM.ActiveCfg = Debug|iPhoneSimulator
		{0A801E8B-D1C2-4543-8526-785D59F50387}.Debug|iPhone.ActiveCfg = Debug|iPhone
		{0A801E8B-D1C2-4543-8526-785D59F50387}.Debug|iPhone.Build.0 = Debug|iPhone
		{0A801E8B-D1C2-4543-8526-785D59F50387}.Debug|iPhoneSimulator.ActiveCfg = Debug|iPhoneSimulator
		{0A801E8B-D1C2-4543-8526-785D59F50387}.Debug|iPhoneSimulator.Build.0 = Debug|iPhoneSimulator
		{0A801E8B-D1C2-4543-8526-785D59F50387}.Debug|x64.ActiveCfg = Debug|iPhoneSimulator
		{0A801E8B-D1C2-4543-8526-785D59F50387}.Debug|x86.ActiveCfg = Debug|iPhoneSimulator
		{0A801E8B-D1C2-4543-8526-785D59F50387}.Release|Any CPU.ActiveCfg = Release|iPhoneSimulator
		{0A801E8B-D1C2-4543-8526-785D59F50387}.Release|ARM.ActiveCfg = Release|iPhoneSimulator
		{0A801E8B-D1C2-4543-8526-785D59F50387}.Release|iPhone.ActiveCfg = Release|iPhone
		{0A801E8B-D1C2-4543-8526-785D59F50387}.Release|iPhone.Build.0 = Release|iPhone
		{0A801E8B-D1C2-4543-8526-785D59F50387}.Release|iPhoneSimulator.ActiveCfg = Release|iPhoneSimulator
		{0A801E8B-D1C2-4543-8526-785D59F50387}.Release|iPhoneSimulator.Build.0 = Release|iPhoneSimulator
		{0A801E8B-D1C2-4543-8526-785D59F50387}.Release|x64.ActiveCfg = Release|iPhoneSimulator
		{0A801E8B-D1C2-4543-8526-785D59F50387}.Release|x86.ActiveCfg = Release|iPhoneSimulator
	EndGlobalSection
	GlobalSection(SolutionProperties) = preSolution
		HideSolutionNode = FALSE
	EndGlobalSection
	GlobalSection(NestedProjects) = preSolution
		{80FAE69F-5A1B-4B11-B60E-6AFA259B1661} = {3E1F29F3-6AC9-4204-8E84-FAC181B086A7}
		{6E481FD8-712C-41A2-9A45-D8D547F88BFC} = {3E1F29F3-6AC9-4204-8E84-FAC181B086A7}
		{4730F506-5611-4E0D-A9A5-FE50DAE759CD} = {3E1F29F3-6AC9-4204-8E84-FAC181B086A7}
		{0A801E8B-D1C2-4543-8526-785D59F50387} = {3E1F29F3-6AC9-4204-8E84-FAC181B086A7}
	EndGlobalSection
	GlobalSection(ExtensibilityGlobals) = postSolution
		SolutionGuid = {DD4932D7-C87E-42AA-864B-B11D9CF9CE3A}
	EndGlobalSection
EndGlobal
